github.com/anxielray/packages v0.0.0-20241219080441-7a2f74da91ba h1:DfrSOFuYJvLZNyqv6qxoU8KKXKqDmvdeMg/BNaa/bu0=
github.com/anxielray/packages v0.0.0-20241219080441-7a2f74da91ba/go.mod h1:uiaYCvZHvJFW6gzxnTpBq7bWNCkAH6RrbAAoQrV2hvw=
github.com/anxielray/packages v0.0.0-20241221100710-02b1b52ddb55 h1:pEPpFbZ3HWehQekCQKCZ/fh9iHWVjLw1r7sie8lHngg=
github.com/anxielray/packages v0.0.0-20241221100710-02b1b52ddb55/go.mod h1:uiaYCvZHvJFW6gzxnTpBq7bWNCkAH6RrbAAoQrV2hvw=
